{
  "name": "streaks",
  "lockfileVersion": 3,
  "requires": true,
  "packages": {
    "": {
      "dependencies": {
        "data-store": "^4.0.3"
      }
    },
    "node_modules/data-store": {
      "version": "4.0.3",
      "resolved": "https://registry.npmjs.org/data-store/-/data-store-4.0.3.tgz",
      "integrity": "sha512-AhPSqGVCSrFgi1PtkOLxYRrVhzbsma/drtxNkwTrT2q+LpLTG3AhOW74O/IMRy1cWftBx93SuLLKF19YsKkUMg==",
      "dependencies": {
        "get-value": "^3.0.1",
        "set-value": "^3.0.1"
      },
      "engines": {
        "node": ">=8"
      }
    },
    "node_modules/get-value": {
      "version": "3.0.1",
      "resolved": "https://registry.npmjs.org/get-value/-/get-value-3.0.1.tgz",
      "integrity": "sha512-mKZj9JLQrwMBtj5wxi6MH8Z5eSKaERpAwjg43dPtlGI1ZVEgH/qC7T8/6R2OBSUA+zzHBZgICsVJaEIV2tKTDA==",
      "dependencies": {
        "isobject": "^3.0.1"
      },
      "engines": {
        "node": ">=6.0"
      }
    },
    "node_modules/is-plain-object": {
      "version": "2.0.4",
      "resolved": "https://registry.npmjs.org/is-plain-object/-/is-plain-object-2.0.4.tgz",
      "integrity": "sha512-h5PpgXkWitc38BBMYawTYMWJHFZJVnBquFE57xFpjB8pJFiF6gZ+bU+WyI/yqXiFR5mdLsgYNaPe8uao6Uv9Og==",
      "dependencies": {
        "isobject": "^3.0.1"
      },
      "engines": {
        "node": ">=0.10.0"
      }
    },
    "node_modules/isobject": {
      "version": "3.0.1",
      "resolved": "https://registry.npmjs.org/isobject/-/isobject-3.0.1.tgz",
      "integrity": "sha512-WhB9zCku7EGTj/HQQRz5aUQEUeoQZH2bWcltRErOpymJ4boYE6wL9Tbr23krRPSZ+C5zqNSrSw+Cc7sZZ4b7vg==",
      "engines": {
        "node": ">=0.10.0"
      }
    },
    "node_modules/set-value": {
      "version": "3.0.3",
      "resolved": "https://registry.npmjs.org/set-value/-/set-value-3.0.3.tgz",
      "integrity": "sha512-Xsn/XSatoVOGBbp5hs3UylFDs5Bi9i+ArpVJKdHPniZHoEgRniXTqHWrWrGQ0PbEClVT6WtfnBwR8CAHC9sveg==",
      "dependencies": {
        "is-plain-object": "^2.0.4"
      },
      "engines": {
        "node": ">=6.0"
      }
    }
  }
}
